// !$*UTF8*$!
{
	archiveVersion = 1;
	classes = {
	};
	objectVersion = 51;
	objects = {

/* Begin PBXBuildFile section */
		4F8D3F6E2445CD84003C980F /* iPhone8.storyboard in Resources */ = {isa = PBXBuildFile; fileRef = 4F8D3F6D2445CD84003C980F /* iPhone8.storyboard */; };
		4F8D3F702445CF39003C980F /* iPhone8Plus.storyboard in Resources */ = {isa = PBXBuildFile; fileRef = 4F8D3F6F2445CF39003C980F /* iPhone8Plus.storyboard */; };
		4F8D3F722445D011003C980F /* iPhone11Pro.storyboard in Resources */ = {isa = PBXBuildFile; fileRef = 4F8D3F712445D011003C980F /* iPhone11Pro.storyboard */; };
		4F8D3F742445D13B003C980F /* iPhoneProMax.storyboard in Resources */ = {isa = PBXBuildFile; fileRef = 4F8D3F732445D13B003C980F /* iPhoneProMax.storyboard */; };
		4FCEB894243F2CF0006CD623 /* AppDelegate.swift in Sources */ = {isa = PBXBuildFile; fileRef = 4FCEB893243F2CF0006CD623 /* AppDelegate.swift */; };
		4FCEB896243F2CF0006CD623 /* SceneDelegate.swift in Sources */ = {isa = PBXBuildFile; fileRef = 4FCEB895243F2CF0006CD623 /* SceneDelegate.swift */; };
		4FCEB898243F2CF0006CD623 /* ViewController.swift in Sources */ = {isa = PBXBuildFile; fileRef = 4FCEB897243F2CF0006CD623 /* ViewController.swift */; };
		4FCEB89B243F2CF0006CD623 /* Main.storyboard in Resources */ = {isa = PBXBuildFile; fileRef = 4FCEB899243F2CF0006CD623 /* Main.storyboard */; };
		4FCEB89D243F2CF0006CD623 /* Assets.xcassets in Resources */ = {isa = PBXBuildFile; fileRef = 4FCEB89C243F2CF0006CD623 /* Assets.xcassets */; };
		4FCEB8A0243F2CF0006CD623 /* LaunchScreen.storyboard in Resources */ = {isa = PBXBuildFile; fileRef = 4FCEB89E243F2CF0006CD623 /* LaunchScreen.storyboard */; };
		4FCEB8A82440AEF5006CD623 /* ShareViewController.swift in Sources */ = {isa = PBXBuildFile; fileRef = 4FCEB8A72440AEF5006CD623 /* ShareViewController.swift */; };
		C63460D7CAB6EADA38BD4B07 /* Pods_BoketeApp.framework in Frameworks */ = {isa = PBXBuildFile; fileRef = 951F8D78DE2D558641A30181 /* Pods_BoketeApp.framework */; };
/* End PBXBuildFile section */

/* Begin PBXFileReference section */
		4F8D3F6D2445CD84003C980F /* iPhone8.storyboard */ = {isa = PBXFileReference; lastKnownFileType = file.storyboard; path = iPhone8.storyboard; sourceTree = "<group>"; };
		4F8D3F6F2445CF39003C980F /* iPhone8Plus.storyboard */ = {isa = PBXFileReference; lastKnownFileType = file.storyboard; path = iPhone8Plus.storyboard; sourceTree = "<group>"; };
		4F8D3F712445D011003C980F /* iPhone11Pro.storyboard */ = {isa = PBXFileReference; lastKnownFileType = file.storyboard; path = iPhone11Pro.storyboard; sourceTree = "<group>"; };
		4F8D3F732445D13B003C980F /* iPhoneProMax.storyboard */ = {isa = PBXFileReference; lastKnownFileType = file.storyboard; path = iPhoneProMax.storyboard; sourceTree = "<group>"; };
		4FCEB890243F2CF0006CD623 /* BoketeApp.app */ = {isa = PBXFileReference; explicitFileType = wrapper.application; includeInIndex = 0; path = BoketeApp.app; sourceTree = BUILT_PRODUCTS_DIR; };
		4FCEB893243F2CF0006CD623 /* AppDelegate.swift */ = {isa = PBXFileReference; lastKnownFileType = sourcecode.swift; path = AppDelegate.swift; sourceTree = "<group>"; };
		4FCEB895243F2CF0006CD623 /* SceneDelegate.swift */ = {isa = PBXFileReference; lastKnownFileType = sourcecode.swift; path = SceneDelegate.swift; sourceTree = "<group>"; };
		4FCEB897243F2CF0006CD623 /* ViewController.swift */ = {isa = PBXFileReference; lastKnownFileType = sourcecode.swift; path = ViewController.swift; sourceTree = "<group>"; };
		4FCEB89A243F2CF0006CD623 /* Base */ = {isa = PBXFileReference; lastKnownFileType = file.storyboard; name = Base; path = Base.lproj/Main.storyboard; sourceTree = "<group>"; };
		4FCEB89C243F2CF0006CD623 /* Assets.xcassets */ = {isa = PBXFileReference; lastKnownFileType = folder.assetcatalog; path = Assets.xcassets; sourceTree = "<group>"; };
		4FCEB89F243F2CF0006CD623 /* Base */ = {isa = PBXFileReference; lastKnownFileType = file.storyboard; name = Base; path = Base.lproj/LaunchScreen.storyboard; sourceTree = "<group>"; };
		4FCEB8A1243F2CF0006CD623 /* Info.plist */ = {isa = PBXFileReference; lastKnownFileType = text.plist.xml; path = Info.plist; sourceTree = "<group>"; };
		4FCEB8A72440AEF5006CD623 /* ShareViewController.swift */ = {isa = PBXFileReference; lastKnownFileType = sourcecode.swift; path = ShareViewController.swift; sourceTree = "<group>"; };
		951F8D78DE2D558641A30181 /* Pods_BoketeApp.framework */ = {isa = PBXFileReference; explicitFileType = wrapper.framework; includeInIndex = 0; path = Pods_BoketeApp.framework; sourceTree = BUILT_PRODUCTS_DIR; };
		A4F34A1DC8A882CCE8A310B0 /* Pods-BoketeApp.release.xcconfig */ = {isa = PBXFileReference; includeInIndex = 1; lastKnownFileType = text.xcconfig; name = "Pods-BoketeApp.release.xcconfig"; path = "Target Support Files/Pods-BoketeApp/Pods-BoketeApp.release.xcconfig"; sourceTree = "<group>"; };
		B4ED24CEA24D1BC50CDA4DC5 /* Pods-BoketeApp.debug.xcconfig */ = {isa = PBXFileReference; includeInIndex = 1; lastKnownFileType = text.xcconfig; name = "Pods-BoketeApp.debug.xcconfig"; path = "Target Support Files/Pods-BoketeApp/Pods-BoketeApp.debug.xcconfig"; sourceTree = "<group>"; };
/* End PBXFileReference section */

/* Begin PBXFrameworksBuildPhase section */
		4FCEB88D243F2CF0006CD623 /* Frameworks */ = {
			isa = PBXFrameworksBuildPhase;
			buildActionMask = 2147483647;
			files = (
				C63460D7CAB6EADA38BD4B07 /* Pods_BoketeApp.framework in Frameworks */,
			);
			runOnlyForDeploymentPostprocessing = 0;
		};
/* End PBXFrameworksBuildPhase section */

/* Begin PBXGroup section */
		17450DC10A9458C6BA7D03DD /* Frameworks */ = {
			isa = PBXGroup;
			children = (
				951F8D78DE2D558641A30181 /* Pods_BoketeApp.framework */,
			);
			name = Frameworks;
			sourceTree = "<group>";
		};
		4FCEB887243F2CF0006CD623 = {
			isa = PBXGroup;
			children = (
				4FCEB892243F2CF0006CD623 /* BoketeApp */,
				4FCEB891243F2CF0006CD623 /* Products */,
				D2214763FEC831B87386D58C /* Pods */,
				17450DC10A9458C6BA7D03DD /* Frameworks */,
			);
			sourceTree = "<group>";
		};
		4FCEB891243F2CF0006CD623 /* Products */ = {
			isa = PBXGroup;
			children = (
				4FCEB890243F2CF0006CD623 /* BoketeApp.app */,
			);
			name = Products;
			sourceTree = "<group>";
		};
		4FCEB892243F2CF0006CD623 /* BoketeApp */ = {
			isa = PBXGroup;
			children = (
				4FCEB893243F2CF0006CD623 /* AppDelegate.swift */,
				4FCEB895243F2CF0006CD623 /* SceneDelegate.swift */,
				4FCEB897243F2CF0006CD623 /* ViewController.swift */,
				4FCEB8A72440AEF5006CD623 /* ShareViewController.swift */,
				4F8D3F6D2445CD84003C980F /* iPhone8.storyboard */,
				4F8D3F6F2445CF39003C980F /* iPhone8Plus.storyboard */,
				4FCEB899243F2CF0006CD623 /* Main.storyboard */,
				4F8D3F712445D011003C980F /* iPhone11Pro.storyboard */,
				4F8D3F732445D13B003C980F /* iPhoneProMax.storyboard */,
				4FCEB89C243F2CF0006CD623 /* Assets.xcassets */,
				4FCEB89E243F2CF0006CD623 /* LaunchScreen.storyboard */,
				4FCEB8A1243F2CF0006CD623 /* Info.plist */,
			);
			path = BoketeApp;
			sourceTree = "<group>";
		};
		D2214763FEC831B87386D58C /* Pods */ = {
			isa = PBXGroup;
			children = (
				B4ED24CEA24D1BC50CDA4DC5 /* Pods-BoketeApp.debug.xcconfig */,
				A4F34A1DC8A882CCE8A310B0 /* Pods-BoketeApp.release.xcconfig */,
			);
			path = Pods;
			sourceTree = "<group>";
		};
/* End PBXGroup section */

/* Begin PBXNativeTarget section */
		4FCEB88F243F2CF0006CD623 /* BoketeApp */ = {
			isa = PBXNativeTarget;
			buildConfigurationList = 4FCEB8A4243F2CF0006CD623 /* Build configuration list for PBXNativeTarget "BoketeApp" */;
			buildPhases = (
				82C30CDBA3FD79FD9C368855 /* [CP] Check Pods Manifest.lock */,
				4FCEB88C243F2CF0006CD623 /* Sources */,
				4FCEB88D243F2CF0006CD623 /* Frameworks */,
				4FCEB88E243F2CF0006CD623 /* Resources */,
				BEBA169AD47840C5796D80F1 /* [CP] Embed Pods Frameworks */,
			);
			buildRules = (
			);
			dependencies = (
			);
			name = BoketeApp;
			productName = BoketeApp;
			productReference = 4FCEB890243F2CF0006CD623 /* BoketeApp.app */;
			productType = "com.apple.product-type.application";
		};
/* End PBXNativeTarget section */

/* Begin PBXProject section */
		4FCEB888243F2CF0006CD623 /* Project object */ = {
			isa = PBXProject;
			attributes = {
				LastSwiftUpdateCheck = 1140;
				LastUpgradeCheck = 1140;
				ORGANIZATIONNAME = "Jumpei Takeshita";
				TargetAttributes = {
					4FCEB88F243F2CF0006CD623 = {
						CreatedOnToolsVersion = 11.4;
					};
				};
			};
			buildConfigurationList = 4FCEB88B243F2CF0006CD623 /* Build configuration list for PBXProject "BoketeApp" */;
			compatibilityVersion = "Xcode 9.3";
			developmentRegion = en;
			hasScannedForEncodings = 0;
			knownRegions = (
				en,
				Base,
			);
			mainGroup = 4FCEB887243F2CF0006CD623;
			productRefGroup = 4FCEB891243F2CF0006CD623 /* Products */;
			projectDirPath = "";
			projectRoot = "";
			targets = (
				4FCEB88F243F2CF0006CD623 /* BoketeApp */,
			);
		};
/* End PBXProject section */

/* Begin PBXResourcesBuildPhase section */
		4FCEB88E243F2CF0006CD623 /* Resources */ = {
			isa = PBXResourcesBuildPhase;
			buildActionMask = 2147483647;
			files = (
				4F8D3F6E2445CD84003C980F /* iPhone8.storyboard in Resources */,
				4F8D3F722445D011003C980F /* iPhone11Pro.storyboard in Resources */,
				4FCEB8A0243F2CF0006CD623 /* LaunchScreen.storyboard in Resources */,
				4FCEB89D243F2CF0006CD623 /* Assets.xcassets in Resources */,
				4F8D3F742445D13B003C980F /* iPhoneProMax.storyboard in Resources */,
				4F8D3F702445CF39003C980F /* iPhone8Plus.storyboard in Resources */,
				4FCEB89B243F2CF0006CD623 /* Main.storyboard in Resources */,
			);
			runOnlyForDeploymentPostprocessing = 0;
		};
/* End PBXResourcesBuildPhase section */

/* Begin PBXShellScriptBuildPhase section */
		82C30CDBA3FD79FD9C368855 /* [CP] Check Pods Manifest.lock */ = {
			isa = PBXShellScriptBuildPhase;
			buildActionMask = 2147483647;
			files = (
			);
			inputFileListPaths = (
			);
			inputPaths = (
				"${PODS_PODFILE_DIR_PATH}/Podfile.lock",
				"${PODS_ROOT}/Manifest.lock",
			);
			name = "[CP] Check Pods Manifest.lock";
			outputFileListPaths = (
			);
			outputPaths = (
				"$(DERIVED_FILE_DIR)/Pods-BoketeApp-checkManifestLockResult.txt",
			);
			runOnlyForDeploymentPostprocessing = 0;
			shellPath = /bin/sh;
			shellScript = "diff \"${PODS_PODFILE_DIR_PATH}/Podfile.lock\" \"${PODS_ROOT}/Manifest.lock\" > /dev/null\nif [ $? != 0 ] ; then\n    # print error to STDERR\n    echo \"error: The sandbox is not in sync with the Podfile.lock. Run 'pod install' or update your CocoaPods installation.\" >&2\n    exit 1\nfi\n# This output is used by Xcode 'outputs' to avoid re-running this script phase.\necho \"SUCCESS\" > \"${SCRIPT_OUTPUT_FILE_0}\"\n";
			showEnvVarsInLog = 0;
		};
		BEBA169AD47840C5796D80F1 /* [CP] Embed Pods Frameworks */ = {
			isa = PBXShellScriptBuildPhase;
			buildActionMask = 2147483647;
			files = (
			);
			inputFileListPaths = (
				"${PODS_ROOT}/Target Support Files/Pods-BoketeApp/Pods-BoketeApp-frameworks-${CONFIGURATION}-input-files.xcfilelist",
			);
			name = "[CP] Embed Pods Frameworks";
			outputFileListPaths = (
				"${PODS_ROOT}/Target Support Files/Pods-BoketeApp/Pods-BoketeApp-frameworks-${CONFIGURATION}-output-files.xcfilelist",
			);
			runOnlyForDeploymentPostprocessing = 0;
			shellPath = /bin/sh;
			shellScript = "\"${PODS_ROOT}/Target Support Files/Pods-BoketeApp/Pods-BoketeApp-frameworks.sh\"\n";
			showEnvVarsInLog = 0;
		};
/* End PBXShellScriptBuildPhase section */

/* Begin PBXSourcesBuildPhase section */
		4FCEB88C243F2CF0006CD623 /* Sources */ = {
			isa = PBXSourcesBuildPhase;
			buildActionMask = 2147483647;
			files = (
				4FCEB8A82440AEF5006CD623 /* ShareViewController.swift in Sources */,
				4FCEB898243F2CF0006CD623 /* ViewController.swift in Sources */,
				4FCEB894243F2CF0006CD623 /* AppDelegate.swift in Sources */,
				4FCEB896243F2CF0006CD623 /* SceneDelegate.swift in Sources */,
			);
			runOnlyForDeploymentPostprocessing = 0;
		};
/* End PBXSourcesBuildPhase section */

/* Begin PBXVariantGroup section */
		4FCEB899243F2CF0006CD623 /* Main.storyboard */ = {
			isa = PBXVariantGroup;
			children = (
				4FCEB89A243F2CF0006CD623 /* Base */,
			);
			name = Main.storyboard;
			sourceTree = "<group>";
		};
		4FCEB89E243F2CF0006CD623 /* LaunchScreen.storyboard */ = {
			isa = PBXVariantGroup;
			children = (
				4FCEB89F243F2CF0006CD623 /* Base */,
			);
			name = LaunchScreen.storyboard;
			sourceTree = "<group>";
		};
/* End PBXVariantGroup section */

/* Begin XCBuildConfiguration section */
		4FCEB8A2243F2CF0006CD623 /* Debug */ = {
			isa = XCBuildConfiguration;
			buildSettings = {
				ALWAYS_SEARCH_USER_PATHS = NO;
				CLANG_ANALYZER_NONNULL = YES;
				CLANG_ANALYZER_NUMBER_OBJECT_CONVERSION = YES_AGGRESSIVE;
				CLANG_CXX_LANGUAGE_STANDARD = "gnu++14";
				CLANG_CXX_LIBRARY = "libc++";
				CLANG_ENABLE_MODULES = YES;
				CLANG_ENABLE_OBJC_ARC = YES;
				CLANG_ENABLE_OBJC_WEAK = YES;
				CLANG_WARN_BLOCK_CAPTURE_AUTORELEASING = YES;
				CLANG_WARN_BOOL_CONVERSION = YES;
				CLANG_WARN_COMMA = YES;
				CLANG_WARN_CONSTANT_CONVERSION = YES;
				CLANG_WARN_DEPRECATED_OBJC_IMPLEMENTATIONS = YES;
				CLANG_WARN_DIRECT_OBJC_ISA_USAGE = YES_ERROR;
				CLANG_WARN_DOCUMENTATION_COMMENTS = YES;
				CLANG_WARN_EMPTY_BODY = YES;
				CLANG_WARN_ENUM_CONVERSION = YES;
				CLANG_WARN_INFINITE_RECURSION = YES;
				CLANG_WARN_INT_CONVERSION = YES;
				CLANG_WARN_NON_LITERAL_NULL_CONVERSION = YES;
				CLANG_WARN_OBJC_IMPLICIT_RETAIN_SELF = YES;
				CLANG_WARN_OBJC_LITERAL_CONVERSION = YES;
				CLANG_WARN_OBJC_ROOT_CLASS = YES_ERROR;
				CLANG_WARN_RANGE_LOOP_ANALYSIS = YES;
				CLANG_WARN_STRICT_PROTOTYPES = YES;
				CLANG_WARN_SUSPICIOUS_MOVE = YES;
				CLANG_WARN_UNGUARDED_AVAILABILITY = YES_AGGRESSIVE;
				CLANG_WARN_UNREACHABLE_CODE = YES;
				CLANG_WARN__DUPLICATE_METHOD_MATCH = YES;
				COPY_PHASE_STRIP = NO;
				DEBUG_INFORMATION_FORMAT = dwarf;
				ENABLE_STRICT_OBJC_MSGSEND = YES;
				ENABLE_TESTABILITY = YES;
				GCC_C_LANGUAGE_STANDARD = gnu11;
				GCC_DYNAMIC_NO_PIC = NO;
				GCC_NO_COMMON_BLOCKS = YES;
				GCC_OPTIMIZATION_LEVEL = 0;
				GCC_PREPROCESSOR_DEFINITIONS = (
					"DEBUG=1",
					"$(inherited)",
				);
				GCC_WARN_64_TO_32_BIT_CONVERSION = YES;
				GCC_WARN_ABOUT_RETURN_TYPE = YES_ERROR;
				GCC_WARN_UNDECLARED_SELECTOR = YES;
				GCC_WARN_UNINITIALIZED_AUTOS = YES_AGGRESSIVE;
				GCC_WARN_UNUSED_FUNCTION = YES;
				GCC_WARN_UNUSED_VARIABLE = YES;
				IPHONEOS_DEPLOYMENT_TARGET = 13.4;
				MTL_ENABLE_DEBUG_INFO = INCLUDE_SOURCE;
				MTL_FAST_MATH = YES;
				ONLY_ACTIVE_ARCH = YES;
				SDKROOT = iphoneos;
				SWIFT_ACTIVE_COMPILATION_CONDITIONS = DEBUG;
				SWIFT_OPTIMIZATION_LEVEL = "-Onone";
			};
			name = Debug;
		};
		4FCEB8A3243F2CF0006CD623 /* Release */ = {
			isa = XCBuildConfiguration;
			buildSettings = {
				ALWAYS_SEARCH_USER_PATHS = NO;
				CLANG_ANALYZER_NONNULL = YES;
				CLANG_ANALYZER_NUMBER_OBJECT_CONVERSION = YES_AGGRESSIVE;
				CLANG_CXX_LANGUAGE_STANDARD = "gnu++14";
				CLANG_CXX_LIBRARY = "libc++";
				CLANG_ENABLE_MODULES = YES;
				CLANG_ENABLE_OBJC_ARC = YES;
				CLANG_ENABLE_OBJC_WEAK = YES;
				CLANG_WARN_BLOCK_CAPTURE_AUTORELEASING = YES;
				CLANG_WARN_BOOL_CONVERSION = YES;
				CLANG_WARN_COMMA = YES;
				CLANG_WARN_CONSTANT_CONVERSION = YES;
				CLANG_WARN_DEPRECATED_OBJC_IMPLEMENTATIONS = YES;
				CLANG_WARN_DIRECT_OBJC_ISA_USAGE = YES_ERROR;
				CLANG_WARN_DOCUMENTATION_COMMENTS = YES;
				CLANG_WARN_EMPTY_BODY = YES;
				CLANG_WARN_ENUM_CONVERSION = YES;
				CLANG_WARN_INFINITE_RECURSION = YES;
				CLANG_WARN_INT_CONVERSION = YES;
				CLANG_WARN_NON_LITERAL_NULL_CONVERSION = YES;
				CLANG_WARN_OBJC_IMPLICIT_RETAIN_SELF = YES;
				CLANG_WARN_OBJC_LITERAL_CONVERSION = YES;
				CLANG_WARN_OBJC_ROOT_CLASS = YES_ERROR;
				CLANG_WARN_RANGE_LOOP_ANALYSIS = YES;
				CLANG_WARN_STRICT_PROTOTYPES = YES;
				CLANG_WARN_SUSPICIOUS_MOVE = YES;
				CLANG_WARN_UNGUARDED_AVAILABILITY = YES_AGGRESSIVE;
				CLANG_WARN_UNREACHABLE_CODE = YES;
				CLANG_WARN__DUPLICATE_METHOD_MATCH = YES;
				COPY_PHASE_STRIP = NO;
				DEBUG_INFORMATION_FORMAT = "dwarf-with-dsym";
				ENABLE_NS_ASSERTIONS = NO;
				ENABLE_STRICT_OBJC_MSGSEND = YES;
				GCC_C_LANGUAGE_STANDARD = gnu11;
				GCC_NO_COMMON_BLOCKS = YES;
				GCC_WARN_64_TO_32_BIT_CONVERSION = YES;
				GCC_WARN_ABOUT_RETURN_TYPE = YES_ERROR;
				GCC_WARN_UNDECLARED_SELECTOR = YES;
				GCC_WARN_UNINITIALIZED_AUTOS = YES_AGGRESSIVE;
				GCC_WARN_UNUSED_FUNCTION = YES;
				GCC_WARN_UNUSED_VARIABLE = YES;
				IPHONEOS_DEPLOYMENT_TARGET = 13.4;
				MTL_ENABLE_DEBUG_INFO = NO;
				MTL_FAST_MATH = YES;
				SDKROOT = iphoneos;
				SWIFT_COMPILATION_MODE = wholemodule;
				SWIFT_OPTIMIZATION_LEVEL = "-O";
				VALIDATE_PRODUCT = YES;
			};
			name = Release;
		};
		4FCEB8A5243F2CF0006CD623 /* Debug */ = {
			isa = XCBuildConfiguration;
			baseConfigurationReference = B4ED24CEA24D1BC50CDA4DC5 /* Pods-BoketeApp.debug.xcconfig */;
			buildSettings = {
				ASSETCATALOG_COMPILER_APPICON_NAME = AppIcon;
				CODE_SIGN_STYLE = Automatic;
				DEVELOPMENT_TEAM = 5B2SJ38HJ9;
				INFOPLIST_FILE = BoketeApp/Info.plist;
				LD_RUNPATH_SEARCH_PATHS = (
					"$(inherited)",
					"@executable_path/Frameworks",
				);
				PRODUCT_BUNDLE_IDENTIFIER = com.jumpei.BoketeApp;
				PRODUCT_NAME = "$(TARGET_NAME)";
				SWIFT_VERSION = 5.0;
				TARGETED_DEVICE_FAMILY = 1;
			};
			name = Debug;
		};
		4FCEB8A6243F2CF0006CD623 /* Release */ = {
			isa = XCBuildConfiguration;
			baseConfigurationReference = A4F34A1DC8A882CCE8A310B0 /* Pods-BoketeApp.release.xcconfig */;
			buildSettings = {
				ASSETCATALOG_COMPILER_APPICON_NAME = AppIcon;
				CODE_SIGN_STYLE = Automatic;
				DEVELOPMENT_TEAM = 5B2SJ38HJ9;
				INFOPLIST_FILE = BoketeApp/Info.plist;
				LD_RUNPATH_SEARCH_PATHS = (
					"$(inherited)",
					"@executable_path/Frameworks",
				);
				PRODUCT_BUNDLE_IDENTIFIER = com.jumpei.BoketeApp;
				PRODUCT_NAME = "$(TARGET_NAME)";
				SWIFT_VERSION = 5.0;
				TARGETED_DEVICE_FAMILY = 1;
			};
			name = Release;
		};
/* End XCBuildConfiguration section */

/* Begin XCConfigurationList section */
		4FCEB88B243F2CF0006CD623 /* Build configuration list for PBXProject "BoketeApp" */ = {
			isa = XCConfigurationList;
			buildConfigurations = (
				4FCEB8A2243F2CF0006CD623 /* Debug */,
				4FCEB8A3243F2CF0006CD623 /* Release */,
			);
			defaultConfigurationIsVisible = 0;
			defaultConfigurationName = Release;
		};
		4FCEB8A4243F2CF0006CD623 /* Build configuration list for PBXNativeTarget "BoketeApp" */ = {
			isa = XCConfigurationList;
			buildConfigurations = (
				4FCEB8A5243F2CF0006CD623 /* Debug */,
				4FCEB8A6243F2CF0006CD623 /* Release */,
			);
			defaultConfigurationIsVisible = 0;
			defaultConfigurationName = Release;
		};
/* End XCConfigurationList section */
	};
	rootObject = 4FCEB888243F2CF0006CD623 /* Project object */;
}
